--- 
dependencies: 
  pg: 
    group: 
    - :production
    version: ">= 0"
  rails: 
    group: 
    - :default
    version: = 2.3.5
    require: []

  yaml_waml: 
    group: 
    - :default
    version: = 0.3.0
  haml: 
    group: 
    - :default
    version: = 2.2.22
  ezcrypto: 
    group: 
    - :default
    version: = 0.7.2
  bluecloth: 
    group: 
    - :default
    version: = 2.0.7
  sqlite3-ruby: 
    group: 
    - :development
    version: = 1.2.5
  shoulda: 
    group: 
    - :test
    version: = 2.10.3
  oauth: 
    group: 
    - :default
    version: = 0.3.5
  pacecar: 
    group: 
    - :default
    version: = 1.2.0
  will_paginate: 
    group: 
    - :default
    version: = 2.3.12
  bitly: 
    group: 
    - :default
    version: = 0.4.0
  json: 
    group: 
    - :default
    version: = 1.4.3
  hoptoad_notifier: 
    group: 
    - :default
    version: = 2.2.2
  amatsuda-i18n_generators: 
    group: 
    - :default
    version: = 0.6.0
    require: []

specs: 
- rake: 
    version: 0.8.7
- activesupport: 
    version: 2.3.5
- rack: 
    version: 1.0.1
- actionpack: 
    version: 2.3.5
- actionmailer: 
    version: 2.3.5
- activerecord: 
    version: 2.3.5
- activeresource: 
    version: 2.3.5
- locale: 
    version: 2.0.5
- gettext: 
    version: 2.1.0
- amatsuda-i18n_generators: 
    version: 0.6.0
- crack: 
    version: 0.1.7
- bitly: 
    version: 0.4.0
- bluecloth: 
    version: 2.0.7
- ezcrypto: 
    version: 0.7.2
- haml: 
    version: 2.2.22
- hoptoad_notifier: 
    version: 2.2.2
- json: 
    version: 1.4.3
- ruby-hmac: 
    version: 0.4.0
- oauth: 
    version: 0.3.5
- pacecar: 
    version: 1.2.0
- pg: 
    version: 0.9.0
- rails: 
    version: 2.3.5
- shoulda: 
    version: 2.10.3
- sqlite3-ruby: 
    version: 1.2.5
- will_paginate: 
    version: 2.3.12
- yaml_waml: 
    version: 0.3.0
hash: b081547c54df1712e411603b2e56e7ed99ac286b
sources: 
- Rubygems: 
    uri: http://gemcutter.org
- Rubygems: 
    uri: http://gems.github.com
